// !$*UTF8*$!
{
	archiveVersion = 1;
	classes = {
	};
	objectVersion = 56;
	objects = {
		0DE6CB4412CB7CC024B67AD8 /* ActivationManager.swift */ = {isa = PBXFileReference; lastKnownFileType = sourcecode.swift; path = 'AirLiftFileManager/AirLift/ActivationManager.swift'; sourceTree = SOURCE_ROOT; };
		01AEA3B4FBFD63686ACC2AE1 /* AirLiftAdapter.swift */ = {isa = PBXFileReference; lastKnownFileType = sourcecode.swift; path = 'AirLiftFileManager/AirLift/AirLiftAdapter.swift'; sourceTree = SOURCE_ROOT; };
		AE9ED5A0EA2ACA29BD515674 /* AirLiftLaunchGuard.swift */ = {isa = PBXFileReference; lastKnownFileType = sourcecode.swift; path = 'AirLiftFileManager/AirLift/AirLiftLaunchGuard.swift'; sourceTree = SOURCE_ROOT; };
		6CFC16716ECF6B6A3329EA82 /* AirLiftModels.swift */ = {isa = PBXFileReference; lastKnownFileType = sourcecode.swift; path = 'AirLiftFileManager/AirLift/AirLiftModels.swift'; sourceTree = SOURCE_ROOT; };
		889C994A05A9DCBA498E987F /* AirLiftService.swift */ = {isa = PBXFileReference; lastKnownFileType = sourcecode.swift; path = 'AirLiftFileManager/AirLift/AirLiftService.swift'; sourceTree = SOURCE_ROOT; };
		3256A3383E9A5BB1539D27B6 /* CapabilityProbe.swift */ = {isa = PBXFileReference; lastKnownFileType = sourcecode.swift; path = 'AirLiftFileManager/AirLift/CapabilityProbe.swift'; sourceTree = SOURCE_ROOT; };
		197A84436FBCBCE2BE489F16 /* KeychainPairingStore.swift */ = {isa = PBXFileReference; lastKnownFileType = sourcecode.swift; path = 'AirLiftFileManager/AirLift/KeychainPairingStore.swift'; sourceTree = SOURCE_ROOT; };
		3B6096BBE832F8427D8EC64C /* LockdownClient.swift */ = {isa = PBXFileReference; lastKnownFileType = sourcecode.swift; path = 'AirLiftFileManager/AirLift/LockdownClient.swift'; sourceTree = SOURCE_ROOT; };
		1DB14D4F39F9381F50E81E0C /* AFCClient.swift */ = {isa = PBXFileReference; lastKnownFileType = sourcecode.swift; path = 'AirLiftFileManager/AirLift/OnDevice/AFCClient.swift'; sourceTree = SOURCE_ROOT; };
		9A9C1D00C533DB9BE86C1101 /* AirlockArchive.swift */ = {isa = PBXFileReference; lastKnownFileType = sourcecode.swift; path = 'AirLiftFileManager/AirLift/OnDevice/AirlockArchive.swift'; sourceTree = SOURCE_ROOT; };
		702ECF1CAF436C4EC30C803D /* BooksAttempt.swift */ = {isa = PBXFileReference; lastKnownFileType = sourcecode.swift; path = 'AirLiftFileManager/AirLift/OnDevice/BooksAttempt.swift'; sourceTree = SOURCE_ROOT; };
		F04907D25C106ED6F2F3C361 /* BooksState.swift */ = {isa = PBXFileReference; lastKnownFileType = sourcecode.swift; path = 'AirLiftFileManager/AirLift/OnDevice/BooksState.swift'; sourceTree = SOURCE_ROOT; };
		45DAB5EB447A3F88B43B844B /* CDTunnel.swift */ = {isa = PBXFileReference; lastKnownFileType = sourcecode.swift; path = 'AirLiftFileManager/AirLift/OnDevice/CDTunnel.swift'; sourceTree = SOURCE_ROOT; };
		15B20E88089002ACD0725F9D /* Http2Client.swift */ = {isa = PBXFileReference; lastKnownFileType = sourcecode.swift; path = 'AirLiftFileManager/AirLift/OnDevice/Http2Client.swift'; sourceTree = SOURCE_ROOT; };
		C26AAA2F757F26C4F49C5F3A /* Http2Frames.swift */ = {isa = PBXFileReference; lastKnownFileType = sourcecode.swift; path = 'AirLiftFileManager/AirLift/OnDevice/Http2Frames.swift'; sourceTree = SOURCE_ROOT; };
		0066EB796DC1896D4AC3C02D /* IPv6.swift */ = {isa = PBXFileReference; lastKnownFileType = sourcecode.swift; path = 'AirLiftFileManager/AirLift/OnDevice/IPv6.swift'; sourceTree = SOURCE_ROOT; };
		436A19A7F3C5FC8DF58527A3 /* OPACK.swift */ = {isa = PBXFileReference; lastKnownFileType = sourcecode.swift; path = 'AirLiftFileManager/AirLift/OnDevice/OPACK.swift'; sourceTree = SOURCE_ROOT; };
		DCEAF7590B16D331A6F0B3C6 /* OnDeviceChain.swift */ = {isa = PBXFileReference; lastKnownFileType = sourcecode.swift; path = 'AirLiftFileManager/AirLift/OnDevice/OnDeviceChain.swift'; sourceTree = SOURCE_ROOT; };
		1DCF0240588A2DB410842821 /* PairingAcceptor.swift */ = {isa = PBXFileReference; lastKnownFileType = sourcecode.swift; path = 'AirLiftFileManager/AirLift/OnDevice/PairingAcceptor.swift'; sourceTree = SOURCE_ROOT; };
		D8EAB5288D376A07751682E3 /* PairingAdvertiser.swift */ = {isa = PBXFileReference; lastKnownFileType = sourcecode.swift; path = 'AirLiftFileManager/AirLift/OnDevice/PairingAdvertiser.swift'; sourceTree = SOURCE_ROOT; };
		B90E9EEDD1DFC64ADDBA7AB6 /* PairingHost.swift */ = {isa = PBXFileReference; lastKnownFileType = sourcecode.swift; path = 'AirLiftFileManager/AirLift/OnDevice/PairingHost.swift'; sourceTree = SOURCE_ROOT; };
		231F701A34963F5C9219C2D7 /* PairingKeepAlive.swift */ = {isa = PBXFileReference; lastKnownFileType = sourcecode.swift; path = 'AirLiftFileManager/AirLift/OnDevice/PairingKeepAlive.swift'; sourceTree = SOURCE_ROOT; };
		94E461D74512AB5535BC113B /* RPPairingWire.swift */ = {isa = PBXFileReference; lastKnownFileType = sourcecode.swift; path = 'AirLiftFileManager/AirLift/OnDevice/RPPairingWire.swift'; sourceTree = SOURCE_ROOT; };
		DC9EE50EDB999EBB0A7CC0EA /* RSDClient.swift */ = {isa = PBXFileReference; lastKnownFileType = sourcecode.swift; path = 'AirLiftFileManager/AirLift/OnDevice/RSDClient.swift'; sourceTree = SOURCE_ROOT; };
		CCE5215A934DCAEEC9F3C7DB /* RSDEstablishment.swift */ = {isa = PBXFileReference; lastKnownFileType = sourcecode.swift; path = 'AirLiftFileManager/AirLift/OnDevice/RSDEstablishment.swift'; sourceTree = SOURCE_ROOT; };
		EB40C91E9CD09A6F694D1A56 /* RemotePairingVerify.swift */ = {isa = PBXFileReference; lastKnownFileType = sourcecode.swift; path = 'AirLiftFileManager/AirLift/OnDevice/RemotePairingVerify.swift'; sourceTree = SOURCE_ROOT; };
		D14117123430A94BCD4038FB /* RemoteXPC.swift */ = {isa = PBXFileReference; lastKnownFileType = sourcecode.swift; path = 'AirLiftFileManager/AirLift/OnDevice/RemoteXPC.swift'; sourceTree = SOURCE_ROOT; };
		C18C8C30ECAEA9D4ADBE7E16 /* SRP.swift */ = {isa = PBXFileReference; lastKnownFileType = sourcecode.swift; path = 'AirLiftFileManager/AirLift/OnDevice/SRP.swift'; sourceTree = SOURCE_ROOT; };
		98E019E0F07DB4042D0CA598 /* SRPBigUInt.swift */ = {isa = PBXFileReference; lastKnownFileType = sourcecode.swift; path = 'AirLiftFileManager/AirLift/OnDevice/SRPBigUInt.swift'; sourceTree = SOURCE_ROOT; };
		0BC5026FF84766731E0EC39C /* TCPStream.swift */ = {isa = PBXFileReference; lastKnownFileType = sourcecode.swift; path = 'AirLiftFileManager/AirLift/OnDevice/TCPStream.swift'; sourceTree = SOURCE_ROOT; };
		6D43486BDD82DA9B53803436 /* TLSPsk.swift */ = {isa = PBXFileReference; lastKnownFileType = sourcecode.swift; path = 'AirLiftFileManager/AirLift/OnDevice/TLSPsk.swift'; sourceTree = SOURCE_ROOT; };
		157AFB00AFF1E603693E34DA /* TLV8.swift */ = {isa = PBXFileReference; lastKnownFileType = sourcecode.swift; path = 'AirLiftFileManager/AirLift/OnDevice/TLV8.swift'; sourceTree = SOURCE_ROOT; };
		9E544CC398545BE0093D4C0E /* TunnelStack.swift */ = {isa = PBXFileReference; lastKnownFileType = sourcecode.swift; path = 'AirLiftFileManager/AirLift/OnDevice/TunnelStack.swift'; sourceTree = SOURCE_ROOT; };
		8F28ABA0E1B396682EAE1B22 /* TunnelStream.swift */ = {isa = PBXFileReference; lastKnownFileType = sourcecode.swift; path = 'AirLiftFileManager/AirLift/OnDevice/TunnelStream.swift'; sourceTree = SOURCE_ROOT; };
		BE64648C9D8C32E339BAE23C /* XPCCodec.swift */ = {isa = PBXFileReference; lastKnownFileType = sourcecode.swift; path = 'AirLiftFileManager/AirLift/OnDevice/XPCCodec.swift'; sourceTree = SOURCE_ROOT; };
		A33E6A671D587DFC51F5BA22 /* PairingFileSupport.swift */ = {isa = PBXFileReference; lastKnownFileType = sourcecode.swift; path = 'AirLiftFileManager/AirLift/PairingFileSupport.swift'; sourceTree = SOURCE_ROOT; };
		70C4F5D7E3C446D0180F6E7E /* PairingRecordService.swift */ = {isa = PBXFileReference; lastKnownFileType = sourcecode.swift; path = 'AirLiftFileManager/AirLift/PairingRecordService.swift'; sourceTree = SOURCE_ROOT; };
		08E1B5B5B579F973E365F1B4 /* SipHash.swift */ = {isa = PBXFileReference; lastKnownFileType = sourcecode.swift; path = 'AirLiftFileManager/AirLift/SipHash.swift'; sourceTree = SOURCE_ROOT; };
		556D6B7BE07D6B4E940A18A0 /* WirelessPairingDiscovery.swift */ = {isa = PBXFileReference; lastKnownFileType = sourcecode.swift; path = 'AirLiftFileManager/AirLift/WirelessPairingDiscovery.swift'; sourceTree = SOURCE_ROOT; };
		302B835FB337EF500C3953E6 /* AirLiftFileManagerApp.swift */ = {isa = PBXFileReference; lastKnownFileType = sourcecode.swift; path = 'AirLiftFileManager/App/AirLiftFileManagerApp.swift'; sourceTree = SOURCE_ROOT; };
		91F060275DA3DF0E680738F5 /* AppState.swift */ = {isa = PBXFileReference; lastKnownFileType = sourcecode.swift; path = 'AirLiftFileManager/App/AppState.swift'; sourceTree = SOURCE_ROOT; };
		5615288AF260FC02E2AD21A7 /* RootTabView.swift */ = {isa = PBXFileReference; lastKnownFileType = sourcecode.swift; path = 'AirLiftFileManager/App/RootTabView.swift'; sourceTree = SOURCE_ROOT; };
		DB5BB99B96E9FE4782B56689 /* AppConstants.swift */ = {isa = PBXFileReference; lastKnownFileType = sourcecode.swift; path = 'AirLiftFileManager/Core/Constants/AppConstants.swift'; sourceTree = SOURCE_ROOT; };
		54D26DA42D5DC91A912EE1CA /* AppLogger.swift */ = {isa = PBXFileReference; lastKnownFileType = sourcecode.swift; path = 'AirLiftFileManager/Core/Logging/AppLogger.swift'; sourceTree = SOURCE_ROOT; };
		C2A216E2F7A6999D06D6FFA6 /* Formatters.swift */ = {isa = PBXFileReference; lastKnownFileType = sourcecode.swift; path = 'AirLiftFileManager/Core/Utilities/Formatters.swift'; sourceTree = SOURCE_ROOT; };
		C8DA5079C7A61E90ABDB3B3E /* AccessStatusView.swift */ = {isa = PBXFileReference; lastKnownFileType = sourcecode.swift; path = 'AirLiftFileManager/Features/AirLift/AccessStatusView.swift'; sourceTree = SOURCE_ROOT; };
		76D00CADD38D197D170CB17F /* AirLiftLogView.swift */ = {isa = PBXFileReference; lastKnownFileType = sourcecode.swift; path = 'AirLiftFileManager/Features/AirLift/AirLiftLogView.swift'; sourceTree = SOURCE_ROOT; };
		9323CF59404DD78297224E80 /* AirLiftSetupRequiredView.swift */ = {isa = PBXFileReference; lastKnownFileType = sourcecode.swift; path = 'AirLiftFileManager/Features/AirLift/AirLiftSetupRequiredView.swift'; sourceTree = SOURCE_ROOT; };
		A0AAA86CBB957F9A54F3B6AE /* AirLiftView.swift */ = {isa = PBXFileReference; lastKnownFileType = sourcecode.swift; path = 'AirLiftFileManager/Features/AirLift/AirLiftView.swift'; sourceTree = SOURCE_ROOT; };
		9C14EBDD7AE15680DA6B61A0 /* AirLiftViewModel.swift */ = {isa = PBXFileReference; lastKnownFileType = sourcecode.swift; path = 'AirLiftFileManager/Features/AirLift/AirLiftViewModel.swift'; sourceTree = SOURCE_ROOT; };
		981526C5074D22EC1B6E4B0E /* DonBooksView.swift */ = {isa = PBXFileReference; lastKnownFileType = sourcecode.swift; path = 'AirLiftFileManager/Features/AirLift/DonBooksView.swift'; sourceTree = SOURCE_ROOT; };
		6942558B2B7B98A87F805EA8 /* InAppPairingView.swift */ = {isa = PBXFileReference; lastKnownFileType = sourcecode.swift; path = 'AirLiftFileManager/Features/AirLift/InAppPairingView.swift'; sourceTree = SOURCE_ROOT; };
		5B302CFC12D540E6C941C96C /* OnDeviceSelfTestView.swift */ = {isa = PBXFileReference; lastKnownFileType = sourcecode.swift; path = 'AirLiftFileManager/Features/AirLift/OnDeviceSelfTestView.swift'; sourceTree = SOURCE_ROOT; };
		7367C3B8E123CD2417E022B3 /* DirectoryHubView.swift */ = {isa = PBXFileReference; lastKnownFileType = sourcecode.swift; path = 'AirLiftFileManager/Features/Files/DirectoryHubView.swift'; sourceTree = SOURCE_ROOT; };
		95B46E5769C1E706ACA3CF67 /* DirectoryHubViewModel.swift */ = {isa = PBXFileReference; lastKnownFileType = sourcecode.swift; path = 'AirLiftFileManager/Features/Files/DirectoryHubViewModel.swift'; sourceTree = SOURCE_ROOT; };
		9A179F3B9BE020D4979673C9 /* FileContextMenu.swift */ = {isa = PBXFileReference; lastKnownFileType = sourcecode.swift; path = 'AirLiftFileManager/Features/Files/FileContextMenu.swift'; sourceTree = SOURCE_ROOT; };
		52043D3D1117DCA10C05BFFE /* FileRowView.swift */ = {isa = PBXFileReference; lastKnownFileType = sourcecode.swift; path = 'AirLiftFileManager/Features/Files/FileRowView.swift'; sourceTree = SOURCE_ROOT; };
		6F0FEC2362A7B1CFC130E684 /* FileSupportViews.swift */ = {isa = PBXFileReference; lastKnownFileType = sourcecode.swift; path = 'AirLiftFileManager/Features/Files/FileSupportViews.swift'; sourceTree = SOURCE_ROOT; };
		ADC53DAD809EBA3702B704CD /* FilesView.swift */ = {isa = PBXFileReference; lastKnownFileType = sourcecode.swift; path = 'AirLiftFileManager/Features/Files/FilesView.swift'; sourceTree = SOURCE_ROOT; };
		C39C654C8E64793C2D690D9C /* FilesViewModel.swift */ = {isa = PBXFileReference; lastKnownFileType = sourcecode.swift; path = 'AirLiftFileManager/Features/Files/FilesViewModel.swift'; sourceTree = SOURCE_ROOT; };
		344B11D91C2F95F058FFF3F9 /* FileModels.swift */ = {isa = PBXFileReference; lastKnownFileType = sourcecode.swift; path = 'AirLiftFileManager/FileSystem/FileModels.swift'; sourceTree = SOURCE_ROOT; };
		418DDDEAF198CC15BCAE7D3D /* FileOperationManager.swift */ = {isa = PBXFileReference; lastKnownFileType = sourcecode.swift; path = 'AirLiftFileManager/FileSystem/FileOperationManager.swift'; sourceTree = SOURCE_ROOT; };
		B224AC8CF000509175FA6260 /* FileSelectionManager.swift */ = {isa = PBXFileReference; lastKnownFileType = sourcecode.swift; path = 'AirLiftFileManager/FileSystem/FileSelectionManager.swift'; sourceTree = SOURCE_ROOT; };
		8F923C664BA7599BC616E461 /* FileSystemAdapter.swift */ = {isa = PBXFileReference; lastKnownFileType = sourcecode.swift; path = 'AirLiftFileManager/FileSystem/FileSystemAdapter.swift'; sourceTree = SOURCE_ROOT; };
		200CF7DAF93811BB3A8FC0DB /* FileSystemCapability.swift */ = {isa = PBXFileReference; lastKnownFileType = sourcecode.swift; path = 'AirLiftFileManager/FileSystem/FileSystemCapability.swift'; sourceTree = SOURCE_ROOT; };
		B2DF610CF803513B9D61486A /* FileSystemService.swift */ = {isa = PBXFileReference; lastKnownFileType = sourcecode.swift; path = 'AirLiftFileManager/FileSystem/FileSystemService.swift'; sourceTree = SOURCE_ROOT; };
		5B36670837CB626ADFA3F1B6 /* SandboxFileSystemService.swift */ = {isa = PBXFileReference; lastKnownFileType = sourcecode.swift; path = 'AirLiftFileManager/FileSystem/SandboxFileSystemService.swift'; sourceTree = SOURCE_ROOT; };
		31E86941E70B246255A3DB1F /* ZipArchive.swift */ = {isa = PBXFileReference; lastKnownFileType = sourcecode.swift; path = 'AirLiftFileManager/FileSystem/ZipArchive.swift'; sourceTree = SOURCE_ROOT; };
		94EB5A50D7B21A34F0FC9C51 /* LocalDevVPNService.swift */ = {isa = PBXFileReference; lastKnownFileType = sourcecode.swift; path = 'AirLiftFileManager/LocalDevVPN/LocalDevVPNService.swift'; sourceTree = SOURCE_ROOT; };
		0D11E6EAC5554F7C9B3F27DE /* ErrorHandler.swift */ = {isa = PBXFileReference; lastKnownFileType = sourcecode.swift; path = 'AirLiftFileManager/Services/ErrorHandler.swift'; sourceTree = SOURCE_ROOT; };
		F538173423B3AE7575820DCD /* PermissionService.swift */ = {isa = PBXFileReference; lastKnownFileType = sourcecode.swift; path = 'AirLiftFileManager/Services/PermissionService.swift'; sourceTree = SOURCE_ROOT; };
		8AFA31B6314B43B8764B68AA /* PersistenceService.swift */ = {isa = PBXFileReference; lastKnownFileType = sourcecode.swift; path = 'AirLiftFileManager/Services/PersistenceService.swift'; sourceTree = SOURCE_ROOT; };
		FE942AA8441C9EE0CB98C4DF /* Assets.xcassets */ = {isa = PBXFileReference; lastKnownFileType = folder.assetcatalog; path = 'AirLiftFileManager/Resources/Assets.xcassets'; sourceTree = SOURCE_ROOT; };
		B4FAC10075D848869EDD969F /* ActivationPersistenceTests.swift */ = {isa = PBXFileReference; lastKnownFileType = sourcecode.swift; path = 'Tests/ActivationPersistenceTests.swift'; sourceTree = SOURCE_ROOT; };
		4566AED0D5B5511A645002FD /* AirLiftLaunchGuardTests.swift */ = {isa = PBXFileReference; lastKnownFileType = sourcecode.swift; path = 'Tests/AirLiftLaunchGuardTests.swift'; sourceTree = SOURCE_ROOT; };
		8BEADA1D8B00659DB9DA6D95 /* BooksExploitTests.swift */ = {isa = PBXFileReference; lastKnownFileType = sourcecode.swift; path = 'Tests/BooksExploitTests.swift'; sourceTree = SOURCE_ROOT; };
		CFEE0113E975549D6C9263E1 /* ErrorHandlerTests.swift */ = {isa = PBXFileReference; lastKnownFileType = sourcecode.swift; path = 'Tests/ErrorHandlerTests.swift'; sourceTree = SOURCE_ROOT; };
		E964355DEE34E3D1487C9450 /* FileOperationsTests.swift */ = {isa = PBXFileReference; lastKnownFileType = sourcecode.swift; path = 'Tests/FileOperationsTests.swift'; sourceTree = SOURCE_ROOT; };
		ECF51ECC795ECCD75F77DCB2 /* FileSelectionManagerTests.swift */ = {isa = PBXFileReference; lastKnownFileType = sourcecode.swift; path = 'Tests/FileSelectionManagerTests.swift'; sourceTree = SOURCE_ROOT; };
		D99751DF6482E5650A1894D6 /* FileSystemCapabilityTests.swift */ = {isa = PBXFileReference; lastKnownFileType = sourcecode.swift; path = 'Tests/FileSystemCapabilityTests.swift'; sourceTree = SOURCE_ROOT; };
		64AB74A48B9F298A1989ED16 /* FileSystemServiceTests.swift */ = {isa = PBXFileReference; lastKnownFileType = sourcecode.swift; path = 'Tests/FileSystemServiceTests.swift'; sourceTree = SOURCE_ROOT; };
		917164E55F79974F120C3E9A /* LockdownClientTests.swift */ = {isa = PBXFileReference; lastKnownFileType = sourcecode.swift; path = 'Tests/LockdownClientTests.swift'; sourceTree = SOURCE_ROOT; };
		A64EC5B235642F680DE10480 /* LoggingTests.swift */ = {isa = PBXFileReference; lastKnownFileType = sourcecode.swift; path = 'Tests/LoggingTests.swift'; sourceTree = SOURCE_ROOT; };
		5785BFD1B50F1B75984468C1 /* OnDeviceWireTests.swift */ = {isa = PBXFileReference; lastKnownFileType = sourcecode.swift; path = 'Tests/OnDeviceWireTests.swift'; sourceTree = SOURCE_ROOT; };
		B17CB7D59B88179D69A15A36 /* PairingCryptoTests.swift */ = {isa = PBXFileReference; lastKnownFileType = sourcecode.swift; path = 'Tests/PairingCryptoTests.swift'; sourceTree = SOURCE_ROOT; };
		8A442E1E6365A8DBD7958FC5 /* PairingRecordValidationTests.swift */ = {isa = PBXFileReference; lastKnownFileType = sourcecode.swift; path = 'Tests/PairingRecordValidationTests.swift'; sourceTree = SOURCE_ROOT; };
		EE54D7FD6F85959F6AB5666F /* SortingTests.swift */ = {isa = PBXFileReference; lastKnownFileType = sourcecode.swift; path = 'Tests/SortingTests.swift'; sourceTree = SOURCE_ROOT; };
		F6B3C7DCC3766954F4E23A07 /* TunnelTCPTests.swift */ = {isa = PBXFileReference; lastKnownFileType = sourcecode.swift; path = 'Tests/TunnelTCPTests.swift'; sourceTree = SOURCE_ROOT; };
		697C5139B36D7D2F0ADA4916 /* WirelessPairingTests.swift */ = {isa = PBXFileReference; lastKnownFileType = sourcecode.swift; path = 'Tests/WirelessPairingTests.swift'; sourceTree = SOURCE_ROOT; };
		8C93BC59E39430A83B732AA9 /* ZipArchiveTests.swift */ = {isa = PBXFileReference; lastKnownFileType = sourcecode.swift; path = 'Tests/ZipArchiveTests.swift'; sourceTree = SOURCE_ROOT; };
		AA0000000000000000000010 /* AirLiftFileManager.app */ = {isa = PBXFileReference; explicitFileType = wrapper.application; includeInIndex = 0; path = AirLiftFileManager.app; sourceTree = BUILT_PRODUCTS_DIR; };
		AA0000000000000000000011 /* AirLiftFileManagerTests.xctest */ = {isa = PBXFileReference; explicitFileType = wrapper.cfbundle; includeInIndex = 0; path = AirLiftFileManagerTests.xctest; sourceTree = BUILT_PRODUCTS_DIR; };
		F942DBAC4811C35917097F9C /* ActivationManager.swift in Sources */ = {isa = PBXBuildFile; fileRef = 0DE6CB4412CB7CC024B67AD8 /* ActivationManager.swift */; };
		69AB0A4501F62B6C8589641D /* AirLiftAdapter.swift in Sources */ = {isa = PBXBuildFile; fileRef = 01AEA3B4FBFD63686ACC2AE1 /* AirLiftAdapter.swift */; };
		86F8B9B6F97166D15731E574 /* AirLiftLaunchGuard.swift in Sources */ = {isa = PBXBuildFile; fileRef = AE9ED5A0EA2ACA29BD515674 /* AirLiftLaunchGuard.swift */; };
		BC6630C948F59FE325AB5EA5 /* AirLiftModels.swift in Sources */ = {isa = PBXBuildFile; fileRef = 6CFC16716ECF6B6A3329EA82 /* AirLiftModels.swift */; };
		D970AB203A87FB3AC46227BF /* AirLiftService.swift in Sources */ = {isa = PBXBuildFile; fileRef = 889C994A05A9DCBA498E987F /* AirLiftService.swift */; };
		6CFE8B5379C22DDAD85D8143 /* CapabilityProbe.swift in Sources */ = {isa = PBXBuildFile; fileRef = 3256A3383E9A5BB1539D27B6 /* CapabilityProbe.swift */; };
		A517278E9DB4D774DA7AEB50 /* KeychainPairingStore.swift in Sources */ = {isa = PBXBuildFile; fileRef = 197A84436FBCBCE2BE489F16 /* KeychainPairingStore.swift */; };
		0F7ED8408098F876846F05D3 /* LockdownClient.swift in Sources */ = {isa = PBXBuildFile; fileRef = 3B6096BBE832F8427D8EC64C /* LockdownClient.swift */; };
		444351D5BF34E9ABB5BC0817 /* AFCClient.swift in Sources */ = {isa = PBXBuildFile; fileRef = 1DB14D4F39F9381F50E81E0C /* AFCClient.swift */; };
		2396812FC1C2BEAE596B4E37 /* AirlockArchive.swift in Sources */ = {isa = PBXBuildFile; fileRef = 9A9C1D00C533DB9BE86C1101 /* AirlockArchive.swift */; };
		0B91DE98270B41F3BAE97AAA /* BooksAttempt.swift in Sources */ = {isa = PBXBuildFile; fileRef = 702ECF1CAF436C4EC30C803D /* BooksAttempt.swift */; };
		F6711A497D7AAB246740648E /* BooksState.swift in Sources */ = {isa = PBXBuildFile; fileRef = F04907D25C106ED6F2F3C361 /* BooksState.swift */; };
		2D2332E7F0386A8D1B876A2A /* CDTunnel.swift in Sources */ = {isa = PBXBuildFile; fileRef = 45DAB5EB447A3F88B43B844B /* CDTunnel.swift */; };
		B180C2E97ED69B906B93A0E2 /* Http2Client.swift in Sources */ = {isa = PBXBuildFile; fileRef = 15B20E88089002ACD0725F9D /* Http2Client.swift */; };
		3E47B5139CAB7E6C6228F12A /* Http2Frames.swift in Sources */ = {isa = PBXBuildFile; fileRef = C26AAA2F757F26C4F49C5F3A /* Http2Frames.swift */; };
		98FBB55BEAE4F0C9CAFA1169 /* IPv6.swift in Sources */ = {isa = PBXBuildFile; fileRef = 0066EB796DC1896D4AC3C02D /* IPv6.swift */; };
		B7B5CCA2D4FEE0FC05DF4DE9 /* OPACK.swift in Sources */ = {isa = PBXBuildFile; fileRef = 436A19A7F3C5FC8DF58527A3 /* OPACK.swift */; };
		61B4C17A9E2FF6C251E2938E /* OnDeviceChain.swift in Sources */ = {isa = PBXBuildFile; fileRef = DCEAF7590B16D331A6F0B3C6 /* OnDeviceChain.swift */; };
		968BAE513A7612D1491083BE /* PairingAcceptor.swift in Sources */ = {isa = PBXBuildFile; fileRef = 1DCF0240588A2DB410842821 /* PairingAcceptor.swift */; };
		67DA4095E15398C920E289BE /* PairingAdvertiser.swift in Sources */ = {isa = PBXBuildFile; fileRef = D8EAB5288D376A07751682E3 /* PairingAdvertiser.swift */; };
		03ABF2505207BB29A7E155C7 /* PairingHost.swift in Sources */ = {isa = PBXBuildFile; fileRef = B90E9EEDD1DFC64ADDBA7AB6 /* PairingHost.swift */; };
		4D47F8E1797CC2091D5E0AFB /* PairingKeepAlive.swift in Sources */ = {isa = PBXBuildFile; fileRef = 231F701A34963F5C9219C2D7 /* PairingKeepAlive.swift */; };
		136D409C2F42A6967623C92A /* RPPairingWire.swift in Sources */ = {isa = PBXBuildFile; fileRef = 94E461D74512AB5535BC113B /* RPPairingWire.swift */; };
		06958328F25CBF9E4C16DFCF /* RSDClient.swift in Sources */ = {isa = PBXBuildFile; fileRef = DC9EE50EDB999EBB0A7CC0EA /* RSDClient.swift */; };
		1F7331BF4D5B31201886FA71 /* RSDEstablishment.swift in Sources */ = {isa = PBXBuildFile; fileRef = CCE5215A934DCAEEC9F3C7DB /* RSDEstablishment.swift */; };
		993EC4847D38C664F8B333F5 /* RemotePairingVerify.swift in Sources */ = {isa = PBXBuildFile; fileRef = EB40C91E9CD09A6F694D1A56 /* RemotePairingVerify.swift */; };
		0C2BBDC7ED5D4D3FFC875849 /* RemoteXPC.swift in Sources */ = {isa = PBXBuildFile; fileRef = D14117123430A94BCD4038FB /* RemoteXPC.swift */; };
		92E79A21AF80A4A661BE0924 /* SRP.swift in Sources */ = {isa = PBXBuildFile; fileRef = C18C8C30ECAEA9D4ADBE7E16 /* SRP.swift */; };
		43B35608BF9B7E8BA8018F34 /* SRPBigUInt.swift in Sources */ = {isa = PBXBuildFile; fileRef = 98E019E0F07DB4042D0CA598 /* SRPBigUInt.swift */; };
		26270F21EC10B5E0AB1F8FD4 /* TCPStream.swift in Sources */ = {isa = PBXBuildFile; fileRef = 0BC5026FF84766731E0EC39C /* TCPStream.swift */; };
		166323EFF411DE7B19741328 /* TLSPsk.swift in Sources */ = {isa = PBXBuildFile; fileRef = 6D43486BDD82DA9B53803436 /* TLSPsk.swift */; };
		D180BDB191E2A548284117B3 /* TLV8.swift in Sources */ = {isa = PBXBuildFile; fileRef = 157AFB00AFF1E603693E34DA /* TLV8.swift */; };
		D76BA7298F8491DFCC4649D4 /* TunnelStack.swift in Sources */ = {isa = PBXBuildFile; fileRef = 9E544CC398545BE0093D4C0E /* TunnelStack.swift */; };
		754E124238796610E3737BF3 /* TunnelStream.swift in Sources */ = {isa = PBXBuildFile; fileRef = 8F28ABA0E1B396682EAE1B22 /* TunnelStream.swift */; };
		3118E0EEB189E30B09B1CE17 /* XPCCodec.swift in Sources */ = {isa = PBXBuildFile; fileRef = BE64648C9D8C32E339BAE23C /* XPCCodec.swift */; };
		8C9633E390FB192C259F58CD /* PairingFileSupport.swift in Sources */ = {isa = PBXBuildFile; fileRef = A33E6A671D587DFC51F5BA22 /* PairingFileSupport.swift */; };
		A7B4746F49A00F4D5503E97A /* PairingRecordService.swift in Sources */ = {isa = PBXBuildFile; fileRef = 70C4F5D7E3C446D0180F6E7E /* PairingRecordService.swift */; };
		20E48709E70D827238C5713D /* SipHash.swift in Sources */ = {isa = PBXBuildFile; fileRef = 08E1B5B5B579F973E365F1B4 /* SipHash.swift */; };
		51104553BD80AA3AE0022D34 /* WirelessPairingDiscovery.swift in Sources */ = {isa = PBXBuildFile; fileRef = 556D6B7BE07D6B4E940A18A0 /* WirelessPairingDiscovery.swift */; };
		57F6303E93CDE14914040445 /* AirLiftFileManagerApp.swift in Sources */ = {isa = PBXBuildFile; fileRef = 302B835FB337EF500C3953E6 /* AirLiftFileManagerApp.swift */; };
		056489BAB43AB83DAFD2EE31 /* AppState.swift in Sources */ = {isa = PBXBuildFile; fileRef = 91F060275DA3DF0E680738F5 /* AppState.swift */; };
		C8C94372DED42EE23C066588 /* RootTabView.swift in Sources */ = {isa = PBXBuildFile; fileRef = 5615288AF260FC02E2AD21A7 /* RootTabView.swift */; };
		A391E68BF86B5ED18550E03D /* AppConstants.swift in Sources */ = {isa = PBXBuildFile; fileRef = DB5BB99B96E9FE4782B56689 /* AppConstants.swift */; };
		AB5EBAE185BBCD4CFFCA1784 /* AppLogger.swift in Sources */ = {isa = PBXBuildFile; fileRef = 54D26DA42D5DC91A912EE1CA /* AppLogger.swift */; };
		9016B21D84A5DFB7EA192F52 /* Formatters.swift in Sources */ = {isa = PBXBuildFile; fileRef = C2A216E2F7A6999D06D6FFA6 /* Formatters.swift */; };
		F4A31366025070BE3059979D /* AccessStatusView.swift in Sources */ = {isa = PBXBuildFile; fileRef = C8DA5079C7A61E90ABDB3B3E /* AccessStatusView.swift */; };
		4A639B81E90427E0436B4E6C /* AirLiftLogView.swift in Sources */ = {isa = PBXBuildFile; fileRef = 76D00CADD38D197D170CB17F /* AirLiftLogView.swift */; };
		BEF847F7C596C034BB8EDA79 /* AirLiftSetupRequiredView.swift in Sources */ = {isa = PBXBuildFile; fileRef = 9323CF59404DD78297224E80 /* AirLiftSetupRequiredView.swift */; };
		F724FFDC7D852A38927CCF89 /* AirLiftView.swift in Sources */ = {isa = PBXBuildFile; fileRef = A0AAA86CBB957F9A54F3B6AE /* AirLiftView.swift */; };
		D6D109892E93998C39CE9DF1 /* AirLiftViewModel.swift in Sources */ = {isa = PBXBuildFile; fileRef = 9C14EBDD7AE15680DA6B61A0 /* AirLiftViewModel.swift */; };
		C0B201BBA2006E64789E5A5A /* DonBooksView.swift in Sources */ = {isa = PBXBuildFile; fileRef = 981526C5074D22EC1B6E4B0E /* DonBooksView.swift */; };
		26438136C1A1EA53285398FB /* InAppPairingView.swift in Sources */ = {isa = PBXBuildFile; fileRef = 6942558B2B7B98A87F805EA8 /* InAppPairingView.swift */; };
		8E32BD2F8F9A002A1E5B01A3 /* OnDeviceSelfTestView.swift in Sources */ = {isa = PBXBuildFile; fileRef = 5B302CFC12D540E6C941C96C /* OnDeviceSelfTestView.swift */; };
		5DDBE49D0BDC36752EAE52F0 /* DirectoryHubView.swift in Sources */ = {isa = PBXBuildFile; fileRef = 7367C3B8E123CD2417E022B3 /* DirectoryHubView.swift */; };
		74B9D0C578CB250FBB6EB300 /* DirectoryHubViewModel.swift in Sources */ = {isa = PBXBuildFile; fileRef = 95B46E5769C1E706ACA3CF67 /* DirectoryHubViewModel.swift */; };
		2D8C9944A5D83D80CBB0DC2A /* FileContextMenu.swift in Sources */ = {isa = PBXBuildFile; fileRef = 9A179F3B9BE020D4979673C9 /* FileContextMenu.swift */; };
		B038C9B6019F6203C8D33A8F /* FileRowView.swift in Sources */ = {isa = PBXBuildFile; fileRef = 52043D3D1117DCA10C05BFFE /* FileRowView.swift */; };
		1BCEF85C500B08BB9444508B /* FileSupportViews.swift in Sources */ = {isa = PBXBuildFile; fileRef = 6F0FEC2362A7B1CFC130E684 /* FileSupportViews.swift */; };
		084B241C116A5226E74E14ED /* FilesView.swift in Sources */ = {isa = PBXBuildFile; fileRef = ADC53DAD809EBA3702B704CD /* FilesView.swift */; };
		99993AEE7C044A33327C56AF /* FilesViewModel.swift in Sources */ = {isa = PBXBuildFile; fileRef = C39C654C8E64793C2D690D9C /* FilesViewModel.swift */; };
		900664A2C599C8B7C57C39B8 /* FileModels.swift in Sources */ = {isa = PBXBuildFile; fileRef = 344B11D91C2F95F058FFF3F9 /* FileModels.swift */; };
		EDCAE67F7B407348DB9D5F99 /* FileOperationManager.swift in Sources */ = {isa = PBXBuildFile; fileRef = 418DDDEAF198CC15BCAE7D3D /* FileOperationManager.swift */; };
		3777ED995F2C860B1D0892B0 /* FileSelectionManager.swift in Sources */ = {isa = PBXBuildFile; fileRef = B224AC8CF000509175FA6260 /* FileSelectionManager.swift */; };
		F022DDDFB5D74CD6C0AEA6EE /* FileSystemAdapter.swift in Sources */ = {isa = PBXBuildFile; fileRef = 8F923C664BA7599BC616E461 /* FileSystemAdapter.swift */; };
		9DAFE725958D4C33CCEC8A11 /* FileSystemCapability.swift in Sources */ = {isa = PBXBuildFile; fileRef = 200CF7DAF93811BB3A8FC0DB /* FileSystemCapability.swift */; };
		3AC739122B08A6A28CB3200E /* FileSystemService.swift in Sources */ = {isa = PBXBuildFile; fileRef = B2DF610CF803513B9D61486A /* FileSystemService.swift */; };
		D144B90932327432BD0BDA98 /* SandboxFileSystemService.swift in Sources */ = {isa = PBXBuildFile; fileRef = 5B36670837CB626ADFA3F1B6 /* SandboxFileSystemService.swift */; };
		3E04930034735FD194CCF519 /* ZipArchive.swift in Sources */ = {isa = PBXBuildFile; fileRef = 31E86941E70B246255A3DB1F /* ZipArchive.swift */; };
		FEEBC5CE4CAB7FFD82734A7C /* LocalDevVPNService.swift in Sources */ = {isa = PBXBuildFile; fileRef = 94EB5A50D7B21A34F0FC9C51 /* LocalDevVPNService.swift */; };
		3D47D010C981CE3D532354DA /* ErrorHandler.swift in Sources */ = {isa = PBXBuildFile; fileRef = 0D11E6EAC5554F7C9B3F27DE /* ErrorHandler.swift */; };
		5F46C2207EC0C2F562D98C5D /* PermissionService.swift in Sources */ = {isa = PBXBuildFile; fileRef = F538173423B3AE7575820DCD /* PermissionService.swift */; };
		F254F1DA28DD6DCDC5434D5C /* PersistenceService.swift in Sources */ = {isa = PBXBuildFile; fileRef = 8AFA31B6314B43B8764B68AA /* PersistenceService.swift */; };
		C73DD091728AFB2D869FD6EF /* ActivationPersistenceTests.swift in Sources */ = {isa = PBXBuildFile; fileRef = B4FAC10075D848869EDD969F /* ActivationPersistenceTests.swift */; };
		0E245C7D3B7CEA2E628C5787 /* AirLiftLaunchGuardTests.swift in Sources */ = {isa = PBXBuildFile; fileRef = 4566AED0D5B5511A645002FD /* AirLiftLaunchGuardTests.swift */; };
		A555871F55396C38D5B854A2 /* BooksExploitTests.swift in Sources */ = {isa = PBXBuildFile; fileRef = 8BEADA1D8B00659DB9DA6D95 /* BooksExploitTests.swift */; };
		188D64F7E94DCE06FA94E467 /* ErrorHandlerTests.swift in Sources */ = {isa = PBXBuildFile; fileRef = CFEE0113E975549D6C9263E1 /* ErrorHandlerTests.swift */; };
		EA857D9DEF3151FBE3604CC0 /* FileOperationsTests.swift in Sources */ = {isa = PBXBuildFile; fileRef = E964355DEE34E3D1487C9450 /* FileOperationsTests.swift */; };
		EABB38BD2FBCEFE36B125C29 /* FileSelectionManagerTests.swift in Sources */ = {isa = PBXBuildFile; fileRef = ECF51ECC795ECCD75F77DCB2 /* FileSelectionManagerTests.swift */; };
		91BD0AD969014226DE8E66AE /* FileSystemCapabilityTests.swift in Sources */ = {isa = PBXBuildFile; fileRef = D99751DF6482E5650A1894D6 /* FileSystemCapabilityTests.swift */; };
		6B6D92670C2A308C557AAB13 /* FileSystemServiceTests.swift in Sources */ = {isa = PBXBuildFile; fileRef = 64AB74A48B9F298A1989ED16 /* FileSystemServiceTests.swift */; };
		14AC4056D464D9DD2F9E4F2C /* LockdownClientTests.swift in Sources */ = {isa = PBXBuildFile; fileRef = 917164E55F79974F120C3E9A /* LockdownClientTests.swift */; };
		71AAEDDC3777532B5D8FBFB3 /* LoggingTests.swift in Sources */ = {isa = PBXBuildFile; fileRef = A64EC5B235642F680DE10480 /* LoggingTests.swift */; };
		8A18BF85A2FE684DB48E093B /* OnDeviceWireTests.swift in Sources */ = {isa = PBXBuildFile; fileRef = 5785BFD1B50F1B75984468C1 /* OnDeviceWireTests.swift */; };
		B0E24AF990058E6945D63880 /* PairingCryptoTests.swift in Sources */ = {isa = PBXBuildFile; fileRef = B17CB7D59B88179D69A15A36 /* PairingCryptoTests.swift */; };
		DF59538B0B17A205D51DF55B /* PairingRecordValidationTests.swift in Sources */ = {isa = PBXBuildFile; fileRef = 8A442E1E6365A8DBD7958FC5 /* PairingRecordValidationTests.swift */; };
		2836032F93A2548A862979E2 /* SortingTests.swift in Sources */ = {isa = PBXBuildFile; fileRef = EE54D7FD6F85959F6AB5666F /* SortingTests.swift */; };
		E51FB8AC29CF72B450C51741 /* TunnelTCPTests.swift in Sources */ = {isa = PBXBuildFile; fileRef = F6B3C7DCC3766954F4E23A07 /* TunnelTCPTests.swift */; };
		59980FFDCF51D7BBDF4E1CDB /* WirelessPairingTests.swift in Sources */ = {isa = PBXBuildFile; fileRef = 697C5139B36D7D2F0ADA4916 /* WirelessPairingTests.swift */; };
		B97EBF1EFAC0696DB6253C76 /* ZipArchiveTests.swift in Sources */ = {isa = PBXBuildFile; fileRef = 8C93BC59E39430A83B732AA9 /* ZipArchiveTests.swift */; };
		997B97DB8B781ECFD676A7EE /* Assets.xcassets in Resources */ = {isa = PBXBuildFile; fileRef = FE942AA8441C9EE0CB98C4DF /* Assets.xcassets */; };

		AA0000000000000000000022 /* Project object */ = {
			isa = PBXGroup;
			children = (
				AA0000000000000000000020 /* AirLiftFileManager */,
				AA0000000000000000000021 /* Products */,
			);
			sourceTree = "<group>";
		};
		AA0000000000000000000020 /* AirLiftFileManager */ = {
			isa = PBXGroup;
			children = (
				0DE6CB4412CB7CC024B67AD8 /* ActivationManager.swift */,
				01AEA3B4FBFD63686ACC2AE1 /* AirLiftAdapter.swift */,
				AE9ED5A0EA2ACA29BD515674 /* AirLiftLaunchGuard.swift */,
				6CFC16716ECF6B6A3329EA82 /* AirLiftModels.swift */,
				889C994A05A9DCBA498E987F /* AirLiftService.swift */,
				3256A3383E9A5BB1539D27B6 /* CapabilityProbe.swift */,
				197A84436FBCBCE2BE489F16 /* KeychainPairingStore.swift */,
				3B6096BBE832F8427D8EC64C /* LockdownClient.swift */,
				1DB14D4F39F9381F50E81E0C /* AFCClient.swift */,
				9A9C1D00C533DB9BE86C1101 /* AirlockArchive.swift */,
				702ECF1CAF436C4EC30C803D /* BooksAttempt.swift */,
				F04907D25C106ED6F2F3C361 /* BooksState.swift */,
				45DAB5EB447A3F88B43B844B /* CDTunnel.swift */,
				15B20E88089002ACD0725F9D /* Http2Client.swift */,
				C26AAA2F757F26C4F49C5F3A /* Http2Frames.swift */,
				0066EB796DC1896D4AC3C02D /* IPv6.swift */,
				436A19A7F3C5FC8DF58527A3 /* OPACK.swift */,
				DCEAF7590B16D331A6F0B3C6 /* OnDeviceChain.swift */,
				1DCF0240588A2DB410842821 /* PairingAcceptor.swift */,
				D8EAB5288D376A07751682E3 /* PairingAdvertiser.swift */,
				B90E9EEDD1DFC64ADDBA7AB6 /* PairingHost.swift */,
				231F701A34963F5C9219C2D7 /* PairingKeepAlive.swift */,
				94E461D74512AB5535BC113B /* RPPairingWire.swift */,
				DC9EE50EDB999EBB0A7CC0EA /* RSDClient.swift */,
				CCE5215A934DCAEEC9F3C7DB /* RSDEstablishment.swift */,
				EB40C91E9CD09A6F694D1A56 /* RemotePairingVerify.swift */,
				D14117123430A94BCD4038FB /* RemoteXPC.swift */,
				C18C8C30ECAEA9D4ADBE7E16 /* SRP.swift */,
				98E019E0F07DB4042D0CA598 /* SRPBigUInt.swift */,
				0BC5026FF84766731E0EC39C /* TCPStream.swift */,
				6D43486BDD82DA9B53803436 /* TLSPsk.swift */,
				157AFB00AFF1E603693E34DA /* TLV8.swift */,
				9E544CC398545BE0093D4C0E /* TunnelStack.swift */,
				8F28ABA0E1B396682EAE1B22 /* TunnelStream.swift */,
				BE64648C9D8C32E339BAE23C /* XPCCodec.swift */,
				A33E6A671D587DFC51F5BA22 /* PairingFileSupport.swift */,
				70C4F5D7E3C446D0180F6E7E /* PairingRecordService.swift */,
				08E1B5B5B579F973E365F1B4 /* SipHash.swift */,
				556D6B7BE07D6B4E940A18A0 /* WirelessPairingDiscovery.swift */,
				302B835FB337EF500C3953E6 /* AirLiftFileManagerApp.swift */,
				91F060275DA3DF0E680738F5 /* AppState.swift */,
				5615288AF260FC02E2AD21A7 /* RootTabView.swift */,
				DB5BB99B96E9FE4782B56689 /* AppConstants.swift */,
				54D26DA42D5DC91A912EE1CA /* AppLogger.swift */,
				C2A216E2F7A6999D06D6FFA6 /* Formatters.swift */,
				C8DA5079C7A61E90ABDB3B3E /* AccessStatusView.swift */,
				76D00CADD38D197D170CB17F /* AirLiftLogView.swift */,
				9323CF59404DD78297224E80 /* AirLiftSetupRequiredView.swift */,
				A0AAA86CBB957F9A54F3B6AE /* AirLiftView.swift */,
				9C14EBDD7AE15680DA6B61A0 /* AirLiftViewModel.swift */,
				981526C5074D22EC1B6E4B0E /* DonBooksView.swift */,
				6942558B2B7B98A87F805EA8 /* InAppPairingView.swift */,
				5B302CFC12D540E6C941C96C /* OnDeviceSelfTestView.swift */,
				7367C3B8E123CD2417E022B3 /* DirectoryHubView.swift */,
				95B46E5769C1E706ACA3CF67 /* DirectoryHubViewModel.swift */,
				9A179F3B9BE020D4979673C9 /* FileContextMenu.swift */,
				52043D3D1117DCA10C05BFFE /* FileRowView.swift */,
				6F0FEC2362A7B1CFC130E684 /* FileSupportViews.swift */,
				ADC53DAD809EBA3702B704CD /* FilesView.swift */,
				C39C654C8E64793C2D690D9C /* FilesViewModel.swift */,
				344B11D91C2F95F058FFF3F9 /* FileModels.swift */,
				418DDDEAF198CC15BCAE7D3D /* FileOperationManager.swift */,
				B224AC8CF000509175FA6260 /* FileSelectionManager.swift */,
				8F923C664BA7599BC616E461 /* FileSystemAdapter.swift */,
				200CF7DAF93811BB3A8FC0DB /* FileSystemCapability.swift */,
				B2DF610CF803513B9D61486A /* FileSystemService.swift */,
				5B36670837CB626ADFA3F1B6 /* SandboxFileSystemService.swift */,
				31E86941E70B246255A3DB1F /* ZipArchive.swift */,
				94EB5A50D7B21A34F0FC9C51 /* LocalDevVPNService.swift */,
				0D11E6EAC5554F7C9B3F27DE /* ErrorHandler.swift */,
				F538173423B3AE7575820DCD /* PermissionService.swift */,
				8AFA31B6314B43B8764B68AA /* PersistenceService.swift */,
				B4FAC10075D848869EDD969F /* ActivationPersistenceTests.swift */,
				4566AED0D5B5511A645002FD /* AirLiftLaunchGuardTests.swift */,
				8BEADA1D8B00659DB9DA6D95 /* BooksExploitTests.swift */,
				CFEE0113E975549D6C9263E1 /* ErrorHandlerTests.swift */,
				E964355DEE34E3D1487C9450 /* FileOperationsTests.swift */,
				ECF51ECC795ECCD75F77DCB2 /* FileSelectionManagerTests.swift */,
				D99751DF6482E5650A1894D6 /* FileSystemCapabilityTests.swift */,
				64AB74A48B9F298A1989ED16 /* FileSystemServiceTests.swift */,
				917164E55F79974F120C3E9A /* LockdownClientTests.swift */,
				A64EC5B235642F680DE10480 /* LoggingTests.swift */,
				5785BFD1B50F1B75984468C1 /* OnDeviceWireTests.swift */,
				B17CB7D59B88179D69A15A36 /* PairingCryptoTests.swift */,
				8A442E1E6365A8DBD7958FC5 /* PairingRecordValidationTests.swift */,
				EE54D7FD6F85959F6AB5666F /* SortingTests.swift */,
				F6B3C7DCC3766954F4E23A07 /* TunnelTCPTests.swift */,
				697C5139B36D7D2F0ADA4916 /* WirelessPairingTests.swift */,
				8C93BC59E39430A83B732AA9 /* ZipArchiveTests.swift */,
				FE942AA8441C9EE0CB98C4DF /* Assets.xcassets */,
			);
			name = AirLiftFileManager;
			sourceTree = "<group>";
		};
		AA0000000000000000000021 /* Products */ = {
			isa = PBXGroup;
			children = (
				AA0000000000000000000010 /* AirLiftFileManager.app */,
				AA0000000000000000000011 /* AirLiftFileManagerTests.xctest */,
			);
			name = Products;
			sourceTree = "<group>";
		};
		AA0000000000000000000030 /* Sources */ = {
			isa = PBXSourcesBuildPhase;
			buildActionMask = 2147483647;
			files = (
				F942DBAC4811C35917097F9C /* ActivationManager.swift in Sources */,
				69AB0A4501F62B6C8589641D /* AirLiftAdapter.swift in Sources */,
				86F8B9B6F97166D15731E574 /* AirLiftLaunchGuard.swift in Sources */,
				BC6630C948F59FE325AB5EA5 /* AirLiftModels.swift in Sources */,
				D970AB203A87FB3AC46227BF /* AirLiftService.swift in Sources */,
				6CFE8B5379C22DDAD85D8143 /* CapabilityProbe.swift in Sources */,
				A517278E9DB4D774DA7AEB50 /* KeychainPairingStore.swift in Sources */,
				0F7ED8408098F876846F05D3 /* LockdownClient.swift in Sources */,
				444351D5BF34E9ABB5BC0817 /* AFCClient.swift in Sources */,
				2396812FC1C2BEAE596B4E37 /* AirlockArchive.swift in Sources */,
				0B91DE98270B41F3BAE97AAA /* BooksAttempt.swift in Sources */,
				F6711A497D7AAB246740648E /* BooksState.swift in Sources */,
				2D2332E7F0386A8D1B876A2A /* CDTunnel.swift in Sources */,
				B180C2E97ED69B906B93A0E2 /* Http2Client.swift in Sources */,
				3E47B5139CAB7E6C6228F12A /* Http2Frames.swift in Sources */,
				98FBB55BEAE4F0C9CAFA1169 /* IPv6.swift in Sources */,
				B7B5CCA2D4FEE0FC05DF4DE9 /* OPACK.swift in Sources */,
				61B4C17A9E2FF6C251E2938E /* OnDeviceChain.swift in Sources */,
				968BAE513A7612D1491083BE /* PairingAcceptor.swift in Sources */,
				67DA4095E15398C920E289BE /* PairingAdvertiser.swift in Sources */,
				03ABF2505207BB29A7E155C7 /* PairingHost.swift in Sources */,
				4D47F8E1797CC2091D5E0AFB /* PairingKeepAlive.swift in Sources */,
				136D409C2F42A6967623C92A /* RPPairingWire.swift in Sources */,
				06958328F25CBF9E4C16DFCF /* RSDClient.swift in Sources */,
				1F7331BF4D5B31201886FA71 /* RSDEstablishment.swift in Sources */,
				993EC4847D38C664F8B333F5 /* RemotePairingVerify.swift in Sources */,
				0C2BBDC7ED5D4D3FFC875849 /* RemoteXPC.swift in Sources */,
				92E79A21AF80A4A661BE0924 /* SRP.swift in Sources */,
				43B35608BF9B7E8BA8018F34 /* SRPBigUInt.swift in Sources */,
				26270F21EC10B5E0AB1F8FD4 /* TCPStream.swift in Sources */,
				166323EFF411DE7B19741328 /* TLSPsk.swift in Sources */,
				D180BDB191E2A548284117B3 /* TLV8.swift in Sources */,
				D76BA7298F8491DFCC4649D4 /* TunnelStack.swift in Sources */,
				754E124238796610E3737BF3 /* TunnelStream.swift in Sources */,
				3118E0EEB189E30B09B1CE17 /* XPCCodec.swift in Sources */,
				8C9633E390FB192C259F58CD /* PairingFileSupport.swift in Sources */,
				A7B4746F49A00F4D5503E97A /* PairingRecordService.swift in Sources */,
				20E48709E70D827238C5713D /* SipHash.swift in Sources */,
				51104553BD80AA3AE0022D34 /* WirelessPairingDiscovery.swift in Sources */,
				57F6303E93CDE14914040445 /* AirLiftFileManagerApp.swift in Sources */,
				056489BAB43AB83DAFD2EE31 /* AppState.swift in Sources */,
				C8C94372DED42EE23C066588 /* RootTabView.swift in Sources */,
				A391E68BF86B5ED18550E03D /* AppConstants.swift in Sources */,
				AB5EBAE185BBCD4CFFCA1784 /* AppLogger.swift in Sources */,
				9016B21D84A5DFB7EA192F52 /* Formatters.swift in Sources */,
				F4A31366025070BE3059979D /* AccessStatusView.swift in Sources */,
				4A639B81E90427E0436B4E6C /* AirLiftLogView.swift in Sources */,
				BEF847F7C596C034BB8EDA79 /* AirLiftSetupRequiredView.swift in Sources */,
				F724FFDC7D852A38927CCF89 /* AirLiftView.swift in Sources */,
				D6D109892E93998C39CE9DF1 /* AirLiftViewModel.swift in Sources */,
				C0B201BBA2006E64789E5A5A /* DonBooksView.swift in Sources */,
				26438136C1A1EA53285398FB /* InAppPairingView.swift in Sources */,
				8E32BD2F8F9A002A1E5B01A3 /* OnDeviceSelfTestView.swift in Sources */,
				5DDBE49D0BDC36752EAE52F0 /* DirectoryHubView.swift in Sources */,
				74B9D0C578CB250FBB6EB300 /* DirectoryHubViewModel.swift in Sources */,
				2D8C9944A5D83D80CBB0DC2A /* FileContextMenu.swift in Sources */,
				B038C9B6019F6203C8D33A8F /* FileRowView.swift in Sources */,
				1BCEF85C500B08BB9444508B /* FileSupportViews.swift in Sources */,
				084B241C116A5226E74E14ED /* FilesView.swift in Sources */,
				99993AEE7C044A33327C56AF /* FilesViewModel.swift in Sources */,
				900664A2C599C8B7C57C39B8 /* FileModels.swift in Sources */,
				EDCAE67F7B407348DB9D5F99 /* FileOperationManager.swift in Sources */,
				3777ED995F2C860B1D0892B0 /* FileSelectionManager.swift in Sources */,
				F022DDDFB5D74CD6C0AEA6EE /* FileSystemAdapter.swift in Sources */,
				9DAFE725958D4C33CCEC8A11 /* FileSystemCapability.swift in Sources */,
				3AC739122B08A6A28CB3200E /* FileSystemService.swift in Sources */,
				D144B90932327432BD0BDA98 /* SandboxFileSystemService.swift in Sources */,
				3E04930034735FD194CCF519 /* ZipArchive.swift in Sources */,
				FEEBC5CE4CAB7FFD82734A7C /* LocalDevVPNService.swift in Sources */,
				3D47D010C981CE3D532354DA /* ErrorHandler.swift in Sources */,
				5F46C2207EC0C2F562D98C5D /* PermissionService.swift in Sources */,
				F254F1DA28DD6DCDC5434D5C /* PersistenceService.swift in Sources */,
			);
			runOnlyForDeploymentPostprocessing = 0;
		};
		AA0000000000000000000031 /* Sources */ = {
			isa = PBXSourcesBuildPhase;
			buildActionMask = 2147483647;
			files = (
				C73DD091728AFB2D869FD6EF /* ActivationPersistenceTests.swift in Sources */,
				0E245C7D3B7CEA2E628C5787 /* AirLiftLaunchGuardTests.swift in Sources */,
				A555871F55396C38D5B854A2 /* BooksExploitTests.swift in Sources */,
				188D64F7E94DCE06FA94E467 /* ErrorHandlerTests.swift in Sources */,
				EA857D9DEF3151FBE3604CC0 /* FileOperationsTests.swift in Sources */,
				EABB38BD2FBCEFE36B125C29 /* FileSelectionManagerTests.swift in Sources */,
				91BD0AD969014226DE8E66AE /* FileSystemCapabilityTests.swift in Sources */,
				6B6D92670C2A308C557AAB13 /* FileSystemServiceTests.swift in Sources */,
				14AC4056D464D9DD2F9E4F2C /* LockdownClientTests.swift in Sources */,
				71AAEDDC3777532B5D8FBFB3 /* LoggingTests.swift in Sources */,
				8A18BF85A2FE684DB48E093B /* OnDeviceWireTests.swift in Sources */,
				B0E24AF990058E6945D63880 /* PairingCryptoTests.swift in Sources */,
				DF59538B0B17A205D51DF55B /* PairingRecordValidationTests.swift in Sources */,
				2836032F93A2548A862979E2 /* SortingTests.swift in Sources */,
				E51FB8AC29CF72B450C51741 /* TunnelTCPTests.swift in Sources */,
				59980FFDCF51D7BBDF4E1CDB /* WirelessPairingTests.swift in Sources */,
				B97EBF1EFAC0696DB6253C76 /* ZipArchiveTests.swift in Sources */,
			);
			runOnlyForDeploymentPostprocessing = 0;
		};
		AA0000000000000000000032 /* Frameworks */ = {
			isa = PBXFrameworksBuildPhase;
			buildActionMask = 2147483647;
			files = (
			);
			runOnlyForDeploymentPostprocessing = 0;
		};
		AA0000000000000000000033 /* Resources */ = {
			isa = PBXResourcesBuildPhase;
			buildActionMask = 2147483647;
			files = (
				997B97DB8B781ECFD676A7EE /* Assets.xcassets in Resources */,
			);
			runOnlyForDeploymentPostprocessing = 0;
		};
		AA0000000000000000000034 /* PBXTargetDependency */ = {
			isa = PBXTargetDependency;
			target = AA0000000000000000000001 /* AirLiftFileManager */;
			targetProxy = AA0000000000000000000035 /* PBXContainerItemProxy */;
		};
		AA0000000000000000000035 /* PBXContainerItemProxy */ = {
			isa = PBXContainerItemProxy;
			containerPortal = AA000000000000000000000021 /* Project object */;
			proxyType = 1;
			remoteGlobalIDString = AA0000000000000000000001;
			remoteInfo = AirLiftFileManager;
		};
		AA0000000000000000000001 /* AirLiftFileManager */ = {
			isa = PBXNativeTarget;
			buildConfigurationList = AA0000000000000000000040 /* Build configuration list for PBXNativeTarget "AirLiftFileManager" */;
			buildPhases = (
				AA0000000000000000000030 /* Sources */,
				AA0000000000000000000032 /* Frameworks */,
				AA0000000000000000000033 /* Resources */,
			);
			buildRules = (
			);
			dependencies = (
			);
			name = AirLiftFileManager;
			productName = AirLiftFileManager;
			productReference = AA0000000000000000000010 /* AirLiftFileManager.app */;
			productType = "com.apple.product-type.application";
		};
		AA0000000000000000000002 /* AirLiftFileManagerTests */ = {
			isa = PBXNativeTarget;
			buildConfigurationList = AA0000000000000000000041 /* Build configuration list for PBXNativeTarget "AirLiftFileManagerTests" */;
			buildPhases = (
				AA0000000000000000000031 /* Sources */,
				AA0000000000000000000032 /* Frameworks */,
			);
			buildRules = (
			);
			dependencies = (
				AA0000000000000000000034 /* PBXTargetDependency */,
			);
			name = AirLiftFileManagerTests;
			productName = AirLiftFileManagerTests;
			productReference = AA0000000000000000000011 /* AirLiftFileManagerTests.xctest */;
			productType = "com.apple.product-type.bundle.unit-test";
		};
		AA000000000000000000000021 /* PBXProject holder */ = {
			isa = PBXProject;
			attributes = {
				BuildIndependentTargetsInParallel = 1;
				LastUpgradeCheck = 1600;
				TargetAttributes = {
					AA0000000000000000000001 = {CreatedOnToolsVersion = 16.0; };
					AA0000000000000000000002 = {CreatedOnToolsVersion = 16.0; };
				};
			};
			buildConfigurationList = AA0000000000000000000042 /* Build configuration list for PBXProject "AirLiftFileManager" */;
			compatibilityVersion = "Xcode 15.0";
			developmentRegion = en;
			hasScannedForEncodings = 0;
			knownRegions = (
				en,
				Base,
			);
			mainGroup = AA0000000000000000000022;
			productRefGroup = AA0000000000000000000021 /* Products */;
			projectDirPath = "";
			projectRoot = "";
			targets = (
				AA0000000000000000000001 /* AirLiftFileManager */,
				AA0000000000000000000002 /* AirLiftFileManagerTests */,
			);
		};
		AA0000000000000000000050 /* Debug */ = {
			isa = XCBuildConfiguration;
			buildSettings = {
			ALWAYS_SEARCH_USER_PATHS = NO;
			CLANG_ANALYZER_NONNULL = YES;
			CLANG_CXX_LANGUAGE_STANDARD = "gnu++20";
			COPY_PHASE_STRIP = NO;
			DEBUG_INFORMATION_FORMAT = dwarf;
			ENABLE_STRICT_OBJC_MSGSEND = YES;
			ENABLE_TESTABILITY = YES;
			GCC_C_LANGUAGE_STANDARD = gnu17;
			MTL_ENABLE_DEBUG_INFO = INCLUDE_SOURCE;
			MTL_FAST_MATH = YES;
			ONLY_ACTIVE_ARCH = YES;
			SDKROOT = iphoneos;
			SWIFT_ACTIVE_COMPILATION_CONDITIONS = DEBUG;
			SWIFT_OPTIMIZATION_LEVEL = "-Onone";
			};
			name = Debug;
		};
		AA0000000000000000000051 /* Release */ = {
			isa = XCBuildConfiguration;
			buildSettings = {
			ALWAYS_SEARCH_USER_PATHS = NO;
			CLANG_ANALYZER_NONNULL = YES;
			CLANG_CXX_LANGUAGE_STANDARD = "gnu++20";
			COPY_PHASE_STRIP = NO;
			DEBUG_INFORMATION_FORMAT = "dwarf-with-dsym";
			ENABLE_STRICT_OBJC_MSGSEND = YES;
			GCC_C_LANGUAGE_STANDARD = gnu17;
			MTL_FAST_MATH = YES;
			ONLY_ACTIVE_ARCH = NO;
			SDKROOT = iphoneos;
			SWIFT_OPTIMIZATION_LEVEL = "-O";
			};
			name = Release;
		};
		AA0000000000000000000052 /* Debug */ = {
			isa = XCBuildConfiguration;
			buildSettings = {
			ASSETCATALOG_COMPILER_APPICON_NAME = AppIcon;
			ASSETCATALOG_COMPILER_GLOBAL_ACCENT_COLOR_NAME = AccentColor;
			CODE_SIGN_STYLE = Manual;
			CODE_SIGN_IDENTITY = "";
			CODE_SIGNING_REQUIRED = NO;
			CODE_SIGNING_ALLOWED = NO;
			DEVELOPMENT_TEAM = "";
			CURRENT_PROJECT_VERSION = 94;
			GENERATE_INFOPLIST_FILE = NO;
			INFOPLIST_FILE = AirLiftFileManager/Resources/Info.plist;
			IPHONEOS_DEPLOYMENT_TARGET = 26.0;
			LD_RUNPATH_SEARCH_PATHS = "$(inherited) @executable_path/Frameworks";
			MARKETING_VERSION = 1.0;
			PRODUCT_BUNDLE_IDENTIFIER = com.bbaobaob.airliftfilemanager;
			PRODUCT_NAME = "$(TARGET_NAME)";
			SDKROOT = iphoneos;
			SWIFT_EMIT_LOC_STRINGS = YES;
			SWIFT_VERSION = 5.0;
			TARGETED_DEVICE_FAMILY = "1,2";
			};
			name = Debug;
		};
		AA0000000000000000000053 /* Release */ = {
			isa = XCBuildConfiguration;
			buildSettings = {
			ASSETCATALOG_COMPILER_APPICON_NAME = AppIcon;
			ASSETCATALOG_COMPILER_GLOBAL_ACCENT_COLOR_NAME = AccentColor;
			CODE_SIGN_STYLE = Manual;
			CODE_SIGN_IDENTITY = "";
			CODE_SIGNING_REQUIRED = NO;
			CODE_SIGNING_ALLOWED = NO;
			DEVELOPMENT_TEAM = "";
			CURRENT_PROJECT_VERSION = 94;
			GENERATE_INFOPLIST_FILE = NO;
			INFOPLIST_FILE = AirLiftFileManager/Resources/Info.plist;
			IPHONEOS_DEPLOYMENT_TARGET = 26.0;
			LD_RUNPATH_SEARCH_PATHS = "$(inherited) @executable_path/Frameworks";
			MARKETING_VERSION = 1.0;
			PRODUCT_BUNDLE_IDENTIFIER = com.bbaobaob.airliftfilemanager;
			PRODUCT_NAME = "$(TARGET_NAME)";
			SDKROOT = iphoneos;
			SWIFT_EMIT_LOC_STRINGS = YES;
			SWIFT_VERSION = 5.0;
			TARGETED_DEVICE_FAMILY = "1,2";
			};
			name = Release;
		};
		AA0000000000000000000054 /* Debug */ = {
			isa = XCBuildConfiguration;
			buildSettings = {
			CODE_SIGN_STYLE = Manual;
			CODE_SIGN_IDENTITY = "";
			CODE_SIGNING_REQUIRED = NO;
			CODE_SIGNING_ALLOWED = NO;
			DEVELOPMENT_TEAM = "";
			GENERATE_INFOPLIST_FILE = YES;
			IPHONEOS_DEPLOYMENT_TARGET = 26.0;
			LD_RUNPATH_SEARCH_PATHS = "$(inherited) @executable_path/Frameworks @loader_path/Frameworks";
			BUNDLE_LOADER = "$(TEST_HOST)";
			TEST_HOST = "$(BUILT_PRODUCTS_DIR)/AirLiftFileManager.app/AirLiftFileManager";
			PRODUCT_BUNDLE_IDENTIFIER = com.bbaobaob.airliftfilemanager.tests;
			PRODUCT_NAME = "$(TARGET_NAME)";
			SDKROOT = iphoneos;
			SWIFT_EMIT_LOC_STRINGS = YES;
			SWIFT_VERSION = 5.0;
			TARGETED_DEVICE_FAMILY = "1,2";
			};
			name = Debug;
		};
		AA0000000000000000000055 /* Release */ = {
			isa = XCBuildConfiguration;
			buildSettings = {
			CODE_SIGN_STYLE = Manual;
			CODE_SIGN_IDENTITY = "";
			CODE_SIGNING_REQUIRED = NO;
			CODE_SIGNING_ALLOWED = NO;
			DEVELOPMENT_TEAM = "";
			GENERATE_INFOPLIST_FILE = YES;
			IPHONEOS_DEPLOYMENT_TARGET = 26.0;
			LD_RUNPATH_SEARCH_PATHS = "$(inherited) @executable_path/Frameworks @loader_path/Frameworks";
			BUNDLE_LOADER = "$(TEST_HOST)";
			TEST_HOST = "$(BUILT_PRODUCTS_DIR)/AirLiftFileManager.app/AirLiftFileManager";
			PRODUCT_BUNDLE_IDENTIFIER = com.bbaobaob.airliftfilemanager.tests;
			PRODUCT_NAME = "$(TARGET_NAME)";
			SDKROOT = iphoneos;
			SWIFT_EMIT_LOC_STRINGS = YES;
			SWIFT_VERSION = 5.0;
			TARGETED_DEVICE_FAMILY = "1,2";
			};
			name = Release;
		};
		AA0000000000000000000042 /* Build configuration list for PBXProject "AirLiftFileManager" */ = {
			isa = XCConfigurationList;
			buildConfigurations = (
				AA0000000000000000000050 /* Debug */,
				AA0000000000000000000051 /* Release */,
			);
			defaultConfigurationIsVisible = 0;
			defaultConfigurationName = Release;
		};
		AA0000000000000000000040 /* Build configuration list for PBXNativeTarget "AirLiftFileManager" */ = {
			isa = XCConfigurationList;
			buildConfigurations = (
				AA0000000000000000000052 /* Debug */,
				AA0000000000000000000053 /* Release */,
			);
			defaultConfigurationIsVisible = 0;
			defaultConfigurationName = Release;
		};
		AA0000000000000000000041 /* Build configuration list for PBXNativeTarget "AirLiftFileManagerTests" */ = {
			isa = XCConfigurationList;
			buildConfigurations = (
				AA0000000000000000000054 /* Debug */,
				AA0000000000000000000055 /* Release */,
			);
			defaultConfigurationIsVisible = 0;
			defaultConfigurationName = Release;
		};
	};
	rootObject = AA000000000000000000000021 /* Project object */;
}
